
Microsoft Visual Studio Solution File, Format Version 12.00
# Visual Studio Version 17
VisualStudioVersion = 17.5.33516.290
MinimumVisualStudioVersion = 10.0.40219.1
Project("{888888A0-9F3D-457C-B088-3A5042F75D52}") = "Name_File_2023-04-06", "Name_File_2023-04-06.pyproj", "{10A1FF51-144D-4315-9132-A06AB8CF08FC}"
EndProject
Global
	GlobalSection(SolutionConfigurationPlatforms) = preSolution
		Debug|Any CPU = Debug|Any CPU
		Release|Any CPU = Release|Any CPU
	EndGlobalSection
	GlobalSection(ProjectConfigurationPlatforms) = postSolution
		{10A1FF51-144D-4315-9132-A06AB8CF08FC}.Debug|Any CPU.ActiveCfg = Debug|Any CPU
		{10A1FF51-144D-4315-9132-A06AB8CF08FC}.Release|Any CPU.ActiveCfg = Release|Any CPU
	EndGlobalSection
	GlobalSection(SolutionProperties) = preSolution
		HideSolutionNode = FALSE
	EndGlobalSection
	GlobalSection(ExtensibilityGlobals) = postSolution
		SolutionGuid = {BF53786B-B70D-4414-9849-68AD02E54859}
	EndGlobalSection
EndGlobal
